{
  "name": "Movie Rating",
  "lockfileVersion": 2,
  "requires": true,
  "packages": {
    "": {
      "dependencies": {
        "bytes32": "^0.0.3"
      }
    },
    "node_modules/bytes32": {
      "version": "0.0.3",
      "resolved": "https://registry.npmjs.org/bytes32/-/bytes32-0.0.3.tgz",
      "integrity": "sha512-uQM5zGcelcBEk0R7vkIRVN7GnrDd2S5EeWrxv7dSFLPVoI5FwYiSYOOLaFwnsav0oSr3hZQ6mFq6QNi8Vt6n8w==",
      "bin": {
        "bytes32": "bin.js"
      }
    }
  },
  "dependencies": {
    "bytes32": {
      "version": "0.0.3",
      "resolved": "https://registry.npmjs.org/bytes32/-/bytes32-0.0.3.tgz",
      "integrity": "sha512-uQM5zGcelcBEk0R7vkIRVN7GnrDd2S5EeWrxv7dSFLPVoI5FwYiSYOOLaFwnsav0oSr3hZQ6mFq6QNi8Vt6n8w=="
    }
  }
}
